
Microsoft Visual Studio Solution File, Format Version 12.00
# Visual Studio Version 17
VisualStudioVersion = 17.0.32014.148
MinimumVisualStudioVersion = 10.0.40219.1
Project("{FAE04EC0-301F-11D3-BF4B-00C04F79EFBC}") = "NewTestApplication", "NewTestApplication.csproj", "{0BA4EC09-1040-4B76-8F75-296BFCEFA447}"
EndProject
Global
	GlobalSection(SolutionConfigurationPlatforms) = preSolution
		Debug|Any CPU = Debug|Any CPU
		Release|Any CPU = Release|Any CPU
	EndGlobalSection
	GlobalSection(ProjectConfigurationPlatforms) = postSolution
		{0BA4EC09-1040-4B76-8F75-296BFCEFA447}.Debug|Any CPU.ActiveCfg = Debug|Any CPU
		{0BA4EC09-1040-4B76-8F75-296BFCEFA447}.Debug|Any CPU.Build.0 = Debug|Any CPU
		{0BA4EC09-1040-4B76-8F75-296BFCEFA447}.Release|Any CPU.ActiveCfg = Release|Any CPU
		{0BA4EC09-1040-4B76-8F75-296BFCEFA447}.Release|Any CPU.Build.0 = Release|Any CPU
	EndGlobalSection
	GlobalSection(SolutionProperties) = preSolution
		HideSolutionNode = FALSE
	EndGlobalSection
	GlobalSection(ExtensibilityGlobals) = postSolution
		SolutionGuid = {73358D41-BDB5-49F6-A75A-9C7F4DAC8251}
	EndGlobalSection
EndGlobal
